{
    "_readme": [
        "This file locks the dependencies of your project to a known state",
        "Read more about it at https://getcomposer.org/doc/01-basic-usage.md#installing-dependencies",
        "This file is @generated automatically"
    ],
    "content-hash": "551e95a5fd525cc739d2b8006d736b36",
    "packages": [
        {
            "name": "filippofinke/php-rest",
            "version": "dev-master",
            "source": {
                "type": "git",
                "url": "https://github.com/filippofinke/php-rest.git",
                "reference": "8d7fe1f8d7bb3e693438b244039ca6be4c63d851"
            },
            "dist": {
                "type": "zip",
                "url": "https://api.github.com/repos/filippofinke/php-rest/zipball/8d7fe1f8d7bb3e693438b244039ca6be4c63d851",
                "reference": "8d7fe1f8d7bb3e693438b244039ca6be4c63d851",
                "shasum": ""
            },
            "require": {
                "filippofinke/php-route-parser": "@dev"
            },
            "type": "library",
            "autoload": {
                "psr-4": {
                    "FilippoFinke\\": "src/"
                }
            },
            "notification-url": "https://packagist.org/downloads/",
            "license": [
                "MIT"
            ],
            "authors": [
                {
                    "name": "Filippo Finke",
                    "email": "filippo.finke@samtrevano.ch",
                    "homepage": "https://filippofinke.ch",
                    "role": "Developer"
                }
            ],
            "description": "Simple php rest api framework",
            "homepage": "https://github.com/filippofinke/php-rest",
            "keywords": [
                "api",
                "php",
                "rest",
                "rest-api"
            ],
            "time": "2020-02-01T21:59:08+00:00"
        },
        {
            "name": "filippofinke/php-route-parser",
            "version": "dev-master",
            "source": {
                "type": "git",
                "url": "https://github.com/filippofinke/php-route-parser.git",
                "reference": "00fb4524c2a5957d86983c3206fca22fd37c1696"
            },
            "dist": {
                "type": "zip",
                "url": "https://api.github.com/repos/filippofinke/php-route-parser/zipball/00fb4524c2a5957d86983c3206fca22fd37c1696",
                "reference": "00fb4524c2a5957d86983c3206fca22fd37c1696",
                "shasum": ""
            },
            "type": "library",
            "autoload": {
                "psr-4": {
                    "FilippoFinke\\": "src/"
                }
            },
            "notification-url": "https://packagist.org/downloads/",
            "license": [
                "MIT"
            ],
            "authors": [
                {
                    "name": "Filippo Finke",
                    "email": "filippo.finke@samtrevano.ch"
                }
            ],
            "description": "Simple route parser",
            "time": "2020-02-01T15:30:20+00:00"
        },
        {
            "name": "fpdf/fpdf",
            "version": "dev-master",
            "source": {
                "type": "git",
                "url": "https://github.com/coreydoughty/Fpdf.git",
                "reference": "a8eb66ba732813f282a935775bceb72ffd40b15d"
            },
            "dist": {
                "type": "zip",
                "url": "https://api.github.com/repos/coreydoughty/Fpdf/zipball/a8eb66ba732813f282a935775bceb72ffd40b15d",
                "reference": "a8eb66ba732813f282a935775bceb72ffd40b15d",
                "shasum": ""
            },
            "require": {
                "php": ">=5.6.0"
            },
            "type": "library",
            "autoload": {
                "psr-4": {
                    "Fpdf\\": "src/Fpdf"
                }
            },
            "notification-url": "https://packagist.org/downloads/",
            "license": [
                "MIT"
            ],
            "authors": [
                {
                    "name": "Corey Doughty",
                    "email": "corey@doughty.ca"
                }
            ],
            "description": "FPDF Composer Wrapper",
            "homepage": "https://github.com/coreydoughty/Fpdf",
            "keywords": [
                "fpdf",
                "pdf",
                "wrapper"
            ],
            "time": "2020-02-15T12:05:43+00:00"
        }
    ],
    "packages-dev": [],
    "aliases": [],
    "minimum-stability": "dev",
    "stability-flags": {
        "filippofinke/php-rest": 20,
        "fpdf/fpdf": 20
    },
    "prefer-stable": false,
    "prefer-lowest": false,
    "platform": [],
    "platform-dev": []
}
